{
  "name": "bar-council-portal",
  "version": "1.0.0",
  "lockfileVersion": 3,
  "requires": true,
  "packages": {
    "": {
      "name": "bar-council-portal",
      "version": "1.0.0",
      "dependencies": {
        "archiver": "^6.0.0",
        "bcryptjs": "^2.4.3",
        "bullmq": "^5.13.2",
        "cors": "^2.8.5",
        "dotenv": "^16.3.1",
        "express": "^4.18.2",
        "express-rate-limit": "^7.0.0",
        "helmet": "^7.0.0",
        "ioredis": "^5.4.1",
        "jsonwebtoken": "^9.0.2",
        "multer": "^1.4.5-lts.1",
        "mysql2": "^3.6.0",
        "node-cron": "^3.0.2",
        "sqlite3": "^6.0.1",
        "xlsx": "^0.18.5"
      },
      "devDependencies": {
        "nodemon": "^3.0.1"
      }
    },
    "node_modules/@isaacs/fs-minipass": {
      "version": "4.0.1",
      "resolved": "https://registry.npmjs.org/@isaacs/fs-minipass/-/fs-minipass-4.0.1.tgz",
      "integrity": "sha512-wgm9Ehl2jpeqP3zw/7mo3kRHFp5MEDhqAdwy1fTGkHAwnkGOVsgpvQhL8B5n1qlb01jV3n/bI0ZfZp5lWA1k4w==",
      "license": "ISC",
      "dependencies": {
        "minipass": "^7.0.4"
      },
      "engines": {
        "node": ">=18.0.0"
      }
    }
  }
}
